
Microsoft Visual Studio Solution File, Format Version 12.00
# Visual Studio 15
VisualStudioVersion = 15.0.26124.0
MinimumVisualStudioVersion = 15.0.26124.0
Project("{FAE04EC0-301F-11D3-BF4B-00C04F79EFBC}") = "QuickBuy.Dominio", "QuickBuy.Dominio\QuickBuy.Dominio.csproj", "{768A8993-6648-4351-85A7-DA6F1311CB14}"
EndProject
Project("{FAE04EC0-301F-11D3-BF4B-00C04F79EFBC}") = "QuickBuy.Repositorio", "QuickBuy.Repositorio\QuickBuy.Repositorio.csproj", "{7A8E6F8F-959B-429A-AE5D-D61647D862DB}"
EndProject
Project("{FAE04EC0-301F-11D3-BF4B-00C04F79EFBC}") = "QuickBuy.Web", "QuickBuy.Web\QuickBuy.Web.csproj", "{95759CA8-6635-4035-9F94-4045ECAE47A6}"
EndProject
Global
	GlobalSection(SolutionConfigurationPlatforms) = preSolution
		Debug|Any CPU = Debug|Any CPU
		Debug|x64 = Debug|x64
		Debug|x86 = Debug|x86
		Release|Any CPU = Release|Any CPU
		Release|x64 = Release|x64
		Release|x86 = Release|x86
	EndGlobalSection
	GlobalSection(SolutionProperties) = preSolution
		HideSolutionNode = FALSE
	EndGlobalSection
	GlobalSection(ProjectConfigurationPlatforms) = postSolution
		{768A8993-6648-4351-85A7-DA6F1311CB14}.Debug|Any CPU.ActiveCfg = Debug|Any CPU
		{768A8993-6648-4351-85A7-DA6F1311CB14}.Debug|Any CPU.Build.0 = Debug|Any CPU
		{768A8993-6648-4351-85A7-DA6F1311CB14}.Debug|x64.ActiveCfg = Debug|Any CPU
		{768A8993-6648-4351-85A7-DA6F1311CB14}.Debug|x64.Build.0 = Debug|Any CPU
		{768A8993-6648-4351-85A7-DA6F1311CB14}.Debug|x86.ActiveCfg = Debug|Any CPU
		{768A8993-6648-4351-85A7-DA6F1311CB14}.Debug|x86.Build.0 = Debug|Any CPU
		{768A8993-6648-4351-85A7-DA6F1311CB14}.Release|Any CPU.ActiveCfg = Release|Any CPU
		{768A8993-6648-4351-85A7-DA6F1311CB14}.Release|Any CPU.Build.0 = Release|Any CPU
		{768A8993-6648-4351-85A7-DA6F1311CB14}.Release|x64.ActiveCfg = Release|Any CPU
		{768A8993-6648-4351-85A7-DA6F1311CB14}.Release|x64.Build.0 = Release|Any CPU
		{768A8993-6648-4351-85A7-DA6F1311CB14}.Release|x86.ActiveCfg = Release|Any CPU
		{768A8993-6648-4351-85A7-DA6F1311CB14}.Release|x86.Build.0 = Release|Any CPU
		{7A8E6F8F-959B-429A-AE5D-D61647D862DB}.Debug|Any CPU.ActiveCfg = Debug|Any CPU
		{7A8E6F8F-959B-429A-AE5D-D61647D862DB}.Debug|Any CPU.Build.0 = Debug|Any CPU
		{7A8E6F8F-959B-429A-AE5D-D61647D862DB}.Debug|x64.ActiveCfg = Debug|Any CPU
		{7A8E6F8F-959B-429A-AE5D-D61647D862DB}.Debug|x64.Build.0 = Debug|Any CPU
		{7A8E6F8F-959B-429A-AE5D-D61647D862DB}.Debug|x86.ActiveCfg = Debug|Any CPU
		{7A8E6F8F-959B-429A-AE5D-D61647D862DB}.Debug|x86.Build.0 = Debug|Any CPU
		{7A8E6F8F-959B-429A-AE5D-D61647D862DB}.Release|Any CPU.ActiveCfg = Release|Any CPU
		{7A8E6F8F-959B-429A-AE5D-D61647D862DB}.Release|Any CPU.Build.0 = Release|Any CPU
		{7A8E6F8F-959B-429A-AE5D-D61647D862DB}.Release|x64.ActiveCfg = Release|Any CPU
		{7A8E6F8F-959B-429A-AE5D-D61647D862DB}.Release|x64.Build.0 = Release|Any CPU
		{7A8E6F8F-959B-429A-AE5D-D61647D862DB}.Release|x86.ActiveCfg = Release|Any CPU
		{7A8E6F8F-959B-429A-AE5D-D61647D862DB}.Release|x86.Build.0 = Release|Any CPU
		{95759CA8-6635-4035-9F94-4045ECAE47A6}.Debug|Any CPU.ActiveCfg = Debug|Any CPU
		{95759CA8-6635-4035-9F94-4045ECAE47A6}.Debug|Any CPU.Build.0 = Debug|Any CPU
		{95759CA8-6635-4035-9F94-4045ECAE47A6}.Debug|x64.ActiveCfg = Debug|Any CPU
		{95759CA8-6635-4035-9F94-4045ECAE47A6}.Debug|x64.Build.0 = Debug|Any CPU
		{95759CA8-6635-4035-9F94-4045ECAE47A6}.Debug|x86.ActiveCfg = Debug|Any CPU
		{95759CA8-6635-4035-9F94-4045ECAE47A6}.Debug|x86.Build.0 = Debug|Any CPU
		{95759CA8-6635-4035-9F94-4045ECAE47A6}.Release|Any CPU.ActiveCfg = Release|Any CPU
		{95759CA8-6635-4035-9F94-4045ECAE47A6}.Release|Any CPU.Build.0 = Release|Any CPU
		{95759CA8-6635-4035-9F94-4045ECAE47A6}.Release|x64.ActiveCfg = Release|Any CPU
		{95759CA8-6635-4035-9F94-4045ECAE47A6}.Release|x64.Build.0 = Release|Any CPU
		{95759CA8-6635-4035-9F94-4045ECAE47A6}.Release|x86.ActiveCfg = Release|Any CPU
		{95759CA8-6635-4035-9F94-4045ECAE47A6}.Release|x86.Build.0 = Release|Any CPU
	EndGlobalSection
EndGlobal
